
Microsoft Visual Studio Solution File, Format Version 12.00
# Visual Studio Version 17
VisualStudioVersion = 17.6.33815.320
MinimumVisualStudioVersion = 10.0.40219.1
Project("{2150E333-8FDC-42A3-9474-1A3956D46DE8}") = "src", "src", "{4B9FF4EE-336B-4ECA-B348-B4CEDC80D2E4}"
EndProject
Project("{2150E333-8FDC-42A3-9474-1A3956D46DE8}") = "tests", "tests", "{E2A5E81F-6510-471F-9026-6032A94B7504}"
EndProject
Project("{9A19103F-16F7-4668-BE54-9A1E7A4F7556}") = "Restaurant.API", "src\RestaurantSystem\Restaurant.API.csproj", "{D9D4FA5F-601B-484C-BE86-BA5C383EE730}"
EndProject
Project("{FAE04EC0-301F-11D3-BF4B-00C04F79EFBC}") = "Restaurant.Domain", "Restaurant.Domain\Restaurant.Domain.csproj", "{12584563-5AED-49EA-BEE7-A996EFCF8EF0}"
EndProject
Project("{FAE04EC0-301F-11D3-BF4B-00C04F79EFBC}") = "Restaurant.Infrastructure", "Restaurant.Infrastructure\Restaurant.Infrastructure.csproj", "{3B481CE5-EFB2-4AB9-9F50-BCE7E9F5656D}"
EndProject
Project("{FAE04EC0-301F-11D3-BF4B-00C04F79EFBC}") = "Restaurant.Application", "Restaurant.Application\Restaurant.Application.csproj", "{0ED73A2B-DA75-44EE-BE13-773B3793302F}"
EndProject
Project("{2150E333-8FDC-42A3-9474-1A3956D46DE8}") = "UnitTest", "UnitTest", "{7E45D306-09DE-4546-BE2D-9BFDCF0DFDA6}"
EndProject
Project("{2150E333-8FDC-42A3-9474-1A3956D46DE8}") = "IntegrationTest", "IntegrationTest", "{B9F31F14-78B8-4E32-9759-0A8FC4313D90}"
EndProject
Global
	GlobalSection(SolutionConfigurationPlatforms) = preSolution
		Debug|Any CPU = Debug|Any CPU
		Release|Any CPU = Release|Any CPU
	EndGlobalSection
	GlobalSection(ProjectConfigurationPlatforms) = postSolution
		{D9D4FA5F-601B-484C-BE86-BA5C383EE730}.Debug|Any CPU.ActiveCfg = Debug|Any CPU
		{D9D4FA5F-601B-484C-BE86-BA5C383EE730}.Debug|Any CPU.Build.0 = Debug|Any CPU
		{D9D4FA5F-601B-484C-BE86-BA5C383EE730}.Release|Any CPU.ActiveCfg = Release|Any CPU
		{D9D4FA5F-601B-484C-BE86-BA5C383EE730}.Release|Any CPU.Build.0 = Release|Any CPU
		{12584563-5AED-49EA-BEE7-A996EFCF8EF0}.Debug|Any CPU.ActiveCfg = Debug|Any CPU
		{12584563-5AED-49EA-BEE7-A996EFCF8EF0}.Debug|Any CPU.Build.0 = Debug|Any CPU
		{12584563-5AED-49EA-BEE7-A996EFCF8EF0}.Release|Any CPU.ActiveCfg = Release|Any CPU
		{12584563-5AED-49EA-BEE7-A996EFCF8EF0}.Release|Any CPU.Build.0 = Release|Any CPU
		{3B481CE5-EFB2-4AB9-9F50-BCE7E9F5656D}.Debug|Any CPU.ActiveCfg = Debug|Any CPU
		{3B481CE5-EFB2-4AB9-9F50-BCE7E9F5656D}.Debug|Any CPU.Build.0 = Debug|Any CPU
		{3B481CE5-EFB2-4AB9-9F50-BCE7E9F5656D}.Release|Any CPU.ActiveCfg = Release|Any CPU
		{3B481CE5-EFB2-4AB9-9F50-BCE7E9F5656D}.Release|Any CPU.Build.0 = Release|Any CPU
		{0ED73A2B-DA75-44EE-BE13-773B3793302F}.Debug|Any CPU.ActiveCfg = Debug|Any CPU
		{0ED73A2B-DA75-44EE-BE13-773B3793302F}.Debug|Any CPU.Build.0 = Debug|Any CPU
		{0ED73A2B-DA75-44EE-BE13-773B3793302F}.Release|Any CPU.ActiveCfg = Release|Any CPU
		{0ED73A2B-DA75-44EE-BE13-773B3793302F}.Release|Any CPU.Build.0 = Release|Any CPU
	EndGlobalSection
	GlobalSection(SolutionProperties) = preSolution
		HideSolutionNode = FALSE
	EndGlobalSection
	GlobalSection(NestedProjects) = preSolution
		{D9D4FA5F-601B-484C-BE86-BA5C383EE730} = {4B9FF4EE-336B-4ECA-B348-B4CEDC80D2E4}
		{12584563-5AED-49EA-BEE7-A996EFCF8EF0} = {4B9FF4EE-336B-4ECA-B348-B4CEDC80D2E4}
		{3B481CE5-EFB2-4AB9-9F50-BCE7E9F5656D} = {4B9FF4EE-336B-4ECA-B348-B4CEDC80D2E4}
		{0ED73A2B-DA75-44EE-BE13-773B3793302F} = {4B9FF4EE-336B-4ECA-B348-B4CEDC80D2E4}
		{7E45D306-09DE-4546-BE2D-9BFDCF0DFDA6} = {E2A5E81F-6510-471F-9026-6032A94B7504}
		{B9F31F14-78B8-4E32-9759-0A8FC4313D90} = {E2A5E81F-6510-471F-9026-6032A94B7504}
	EndGlobalSection
	GlobalSection(ExtensibilityGlobals) = postSolution
		SolutionGuid = {0FC49CBC-6E52-498C-8D44-A03E18D5D6F0}
	EndGlobalSection
EndGlobal
